
Microsoft Visual Studio Solution File, Format Version 12.00
# Visual Studio Version 17
VisualStudioVersion = 17.14.36310.24 d17.14
MinimumVisualStudioVersion = 10.0.40219.1
Project("{FAE04EC0-301F-11D3-BF4B-00C04F79EFBC}") = "Faker.Generater", "Faker.Generater\Faker.Generater.csproj", "{8544706C-12D9-4EF5-AD2A-06FCA8736C64}"
EndProject
Global
	GlobalSection(SolutionConfigurationPlatforms) = preSolution
		Debug|Any CPU = Debug|Any CPU
		Release|Any CPU = Release|Any CPU
	EndGlobalSection
	GlobalSection(ProjectConfigurationPlatforms) = postSolution
		{8544706C-12D9-4EF5-AD2A-06FCA8736C64}.Debug|Any CPU.ActiveCfg = Debug|Any CPU
		{8544706C-12D9-4EF5-AD2A-06FCA8736C64}.Debug|Any CPU.Build.0 = Debug|Any CPU
		{8544706C-12D9-4EF5-AD2A-06FCA8736C64}.Release|Any CPU.ActiveCfg = Release|Any CPU
		{8544706C-12D9-4EF5-AD2A-06FCA8736C64}.Release|Any CPU.Build.0 = Release|Any CPU
	EndGlobalSection
	GlobalSection(SolutionProperties) = preSolution
		HideSolutionNode = FALSE
	EndGlobalSection
	GlobalSection(ExtensibilityGlobals) = postSolution
		SolutionGuid = {C6D7A045-5D04-4C09-B96C-86E9E8A57718}
	EndGlobalSection
EndGlobal
